
Microsoft Visual Studio Solution File, Format Version 12.00
# Visual Studio Version 17
VisualStudioVersion = 17.8.34322.80
MinimumVisualStudioVersion = 10.0.40219.1
Project("{FAE04EC0-301F-11D3-BF4B-00C04F79EFBC}") = "OdinOS", "OdinOS\OdinOS.csproj", "{0C63F8F4-10B6-4F29-A7F7-980889A7EFCE}"
EndProject
Global
	GlobalSection(SolutionConfigurationPlatforms) = preSolution
		Debug|Any CPU = Debug|Any CPU
		Release|Any CPU = Release|Any CPU
	EndGlobalSection
	GlobalSection(ProjectConfigurationPlatforms) = postSolution
		{0C63F8F4-10B6-4F29-A7F7-980889A7EFCE}.Debug|Any CPU.ActiveCfg = Debug|Any CPU
		{0C63F8F4-10B6-4F29-A7F7-980889A7EFCE}.Debug|Any CPU.Build.0 = Debug|Any CPU
		{0C63F8F4-10B6-4F29-A7F7-980889A7EFCE}.Release|Any CPU.ActiveCfg = Release|Any CPU
		{0C63F8F4-10B6-4F29-A7F7-980889A7EFCE}.Release|Any CPU.Build.0 = Release|Any CPU
	EndGlobalSection
	GlobalSection(SolutionProperties) = preSolution
		HideSolutionNode = FALSE
	EndGlobalSection
	GlobalSection(ExtensibilityGlobals) = postSolution
		SolutionGuid = {E83F617F-F7C4-41E0-A1E4-F04614A9C8BD}
	EndGlobalSection
EndGlobal
